{
  "lockfileVersion": 1,
  "sources": {
    "mols3131d/mols-agent-assets": {
      "requestedRef": "main",
      "resolvedRef": "a87651fd19bbe66d6024d4a6f59af3352709530c",
      "resolvedAt": "2026-08-23T14:59:00.000Z",
      "skills": {
        "mols-agent-asset": {
          "integrity": "sha256-124fdbded5fa2d787da6c207c1bbe3db428cc2395b586e8ad25d91936465e0eb"
        },
        "mols-agent-asset-find": {
          "integrity": "sha256-3032eee88296df895e0053af2108aa2d33af6a0d7299bf9b33aa07b94fc2f855"
        },
        "mols-agent-asset-validator": {
          "integrity": "sha256-3656ca7d568fbc51286cc262210c7499346909c796e2825c5910f421ec16f940"
        },
        "mols-markdown-for-human": {
          "integrity": "sha256-d12d681eaad30d33946ef7493e244320e6113accf2a6d1a4ba8962600294a5e0"
        },
        "mols-markdown-maintenance": {
          "integrity": "sha256-c69b970654ba4296b10022c6fae3a5440e2ee0ae128bae199cb9cf1af65a226b"
        },
        "mols-mermaid-chart": {
          "integrity": "sha256-983ff55d920be723a2f86db8bc71615f0c8b7ecb9d6b64c7d96b2ab314cbf563"
        },
        "mols-mermaid-diagram": {
          "integrity": "sha256-5e41b2e1b78fb87734f2820f6bb880f5366bcd2c26da9f7d6dc62175000bdad1"
        }
      }
    }
  }
}
