{
  "lockfileVersion": 1,
  "sources": {
    "mols3131d/mols-agent-assets": {
      "requestedRef": "main",
      "resolvedRef": "7eed4371c6c961068a7d17b970b63eb8e08bbffe",
      "resolvedAt": "2026-09-07T02:45:57.000Z",
      "skills": {
        "artifact-consistency-inspector": {
          "integrity": "sha256-a77e60b98b57b56a4dc62754eb60ab2c45b2109a0b4622e6c63af61f2d533fe3"
        },
        "github-context": {
          "integrity": "sha256-ba5201fd19cc7939ddbdd4300ea01f227670a64f1863e26ee6805429f4635191"
        },
        "mols-agent-asset": {
          "integrity": "sha256-5a1ba25e6fe822b43130b5e1f53726255a52fbe4361589874b1e1a484ff0214e"
        },
        "mols-agent-asset-find": {
          "integrity": "sha256-6ace67d927da8eedcdd359593ddcbd7a80d97a2fa9cab42288f634116382aef6"
        },
        "mols-chatbot-bootstrap": {
          "integrity": "sha256-88c8ff1d6a10f35c2a68008c19ad140baccde4f3009e8c1d3e9fe253027a767d"
        },
        "mols-markdown-for-human": {
          "integrity": "sha256-f88d74555607a1ce7b809b09a852678a6b64314da170edc1a2da729e883f0a67"
        },
        "mols-markdown-maintenance": {
          "integrity": "sha256-78411769d42cf0a35be8600e842286b33432491c0ff1d3c0b70eef83d3df9e35"
        },
        "mols-mermaid-chart": {
          "integrity": "sha256-1ad62e9d16514abd1a9b62782d1e933e20103508b1e44e3608e64f53540e9a2d"
        },
        "mols-mermaid-diagram": {
          "integrity": "sha256-2b7d4d7b2bddbbeb8e3d46d6691501bee11fae1139968ec798d72d7dd1fc40ac"
        },
        "mols-loops": {
          "integrity": "sha256-6240de7698e555135e3d7482dd2938688e6265d9df5e690357949922d6cdd923"
        }
      }
    },
    "dyoshikawa/rulesync": {
      "requestedRef": "main",
      "resolvedRef": "19fad794303990803c6511bb95fa7ea5f34e9e12",
      "resolvedAt": "2026-09-01T01:02:00.000Z",
      "skills": {
        "rulesync": {
          "integrity": "sha256-658851f4f3b4c432820cc1ed54bd294a699f171ee28d1da9a3c89e5a3b26a96f"
        }
      }
    }
  }
}
